
Microsoft Visual Studio Solution File, Format Version 12.00
# Visual Studio Version 16
VisualStudioVersion = 16.0.32106.194
MinimumVisualStudioVersion = 10.0.40219.1
Project("{FAE04EC0-301F-11D3-BF4B-00C04F79EFBC}") = "Task-1", "Task-1\Task-1.csproj", "{F28EE4FC-DDB8-4984-84A5-73F26B0F2D4D}"
EndProject
Global
	GlobalSection(SolutionConfigurationPlatforms) = preSolution
		Debug|Any CPU = Debug|Any CPU
		Release|Any CPU = Release|Any CPU
	EndGlobalSection
	GlobalSection(ProjectConfigurationPlatforms) = postSolution
		{F28EE4FC-DDB8-4984-84A5-73F26B0F2D4D}.Debug|Any CPU.ActiveCfg = Debug|Any CPU
		{F28EE4FC-DDB8-4984-84A5-73F26B0F2D4D}.Debug|Any CPU.Build.0 = Debug|Any CPU
		{F28EE4FC-DDB8-4984-84A5-73F26B0F2D4D}.Release|Any CPU.ActiveCfg = Release|Any CPU
		{F28EE4FC-DDB8-4984-84A5-73F26B0F2D4D}.Release|Any CPU.Build.0 = Release|Any CPU
	EndGlobalSection
	GlobalSection(SolutionProperties) = preSolution
		HideSolutionNode = FALSE
	EndGlobalSection
	GlobalSection(ExtensibilityGlobals) = postSolution
		SolutionGuid = {E8A75503-CEED-484A-9E5F-7C5160127F2E}
	EndGlobalSection
EndGlobal
